// !$*UTF8*$!
{
	archiveVersion = 1;
	classes = {
	};
	objectVersion = 46;
	objects = {

/* Begin PBXBuildFile section */
		5067650B1B601F2600EE4014 /* main.m in Sources */ = {isa = PBXBuildFile; fileRef = 5067650A1B601F2600EE4014 /* main.m */; };
		5067650E1B601F2600EE4014 /* AppDelegate.m in Sources */ = {isa = PBXBuildFile; fileRef = 5067650D1B601F2600EE4014 /* AppDelegate.m */; };
		506765171B601F2600EE4014 /* Main.storyboard in Resources */ = {isa = PBXBuildFile; fileRef = 506765151B601F2600EE4014 /* Main.storyboard */; };
		506765191B601F2600EE4014 /* Images.xcassets in Resources */ = {isa = PBXBuildFile; fileRef = 506765181B601F2600EE4014 /* Images.xcassets */; };
		5067651C1B601F2600EE4014 /* LaunchScreen.xib in Resources */ = {isa = PBXBuildFile; fileRef = 5067651A1B601F2600EE4014 /* LaunchScreen.xib */; };
		506765281B601F2700EE4014 /* Theatre_FamousTests.m in Sources */ = {isa = PBXBuildFile; fileRef = 506765271B601F2700EE4014 /* Theatre_FamousTests.m */; };
		506765331B601FCC00EE4014 /* AvailableMovies.m in Sources */ = {isa = PBXBuildFile; fileRef = 506765321B601FCC00EE4014 /* AvailableMovies.m */; };
		506765361B60207D00EE4014 /* Movie.m in Sources */ = {isa = PBXBuildFile; fileRef = 506765351B60207D00EE4014 /* Movie.m */; };
		5067653A1B6067CD00EE4014 /* MovieCollectionViewController.m in Sources */ = {isa = PBXBuildFile; fileRef = 506765391B6067CD00EE4014 /* MovieCollectionViewController.m */; };
		5067653D1B606BF000EE4014 /* MovieCollectionViewCell.m in Sources */ = {isa = PBXBuildFile; fileRef = 5067653C1B606BF000EE4014 /* MovieCollectionViewCell.m */; };
		506765401B60807700EE4014 /* DetailViewController.m in Sources */ = {isa = PBXBuildFile; fileRef = 5067653F1B60807700EE4014 /* DetailViewController.m */; };
		506765431B61610A00EE4014 /* MapViewController.m in Sources */ = {isa = PBXBuildFile; fileRef = 506765421B61610A00EE4014 /* MapViewController.m */; };
		506765451B61618A00EE4014 /* CoreLocation.framework in Frameworks */ = {isa = PBXBuildFile; fileRef = 506765441B61618A00EE4014 /* CoreLocation.framework */; };
		506765471B61619100EE4014 /* MapKit.framework in Frameworks */ = {isa = PBXBuildFile; fileRef = 506765461B61619100EE4014 /* MapKit.framework */; };
		5067654D1B618E3300EE4014 /* Mapping.m in Sources */ = {isa = PBXBuildFile; fileRef = 5067654C1B618E3300EE4014 /* Mapping.m */; };
		506765501B61A1D700EE4014 /* Theatre.m in Sources */ = {isa = PBXBuildFile; fileRef = 5067654F1B61A1D700EE4014 /* Theatre.m */; };
		506765531B61E6A400EE4014 /* DetailTableViewCell.m in Sources */ = {isa = PBXBuildFile; fileRef = 506765521B61E6A400EE4014 /* DetailTableViewCell.m */; };
		50DADD781B62E173002873C7 /* Realm.framework in Frameworks */ = {isa = PBXBuildFile; fileRef = 50DADD771B62E173002873C7 /* Realm.framework */; };
		50DADD7A1B62E205002873C7 /* libc++.dylib in Frameworks */ = {isa = PBXBuildFile; fileRef = 50DADD791B62E205002873C7 /* libc++.dylib */; };
		50DADD7E1B62E41B002873C7 /* RLMTheatres.m in Sources */ = {isa = PBXBuildFile; fileRef = 50DADD7D1B62E41B002873C7 /* RLMTheatres.m */; };
		50DADD811B62E42A002873C7 /* RLMMovies.m in Sources */ = {isa = PBXBuildFile; fileRef = 50DADD801B62E42A002873C7 /* RLMMovies.m */; };
		50DADD841B62E44A002873C7 /* RLMShowtimes.m in Sources */ = {isa = PBXBuildFile; fileRef = 50DADD831B62E44A002873C7 /* RLMShowtimes.m */; };
		61F69EF2C81300E0D78EDDAA /* libPods.a in Frameworks */ = {isa = PBXBuildFile; fileRef = 9C0C6FDE5A2E6EFCA0757F30 /* libPods.a */; };
/* End PBXBuildFile section */

/* Begin PBXContainerItemProxy section */
		506765221B601F2700EE4014 /* PBXContainerItemProxy */ = {
			isa = PBXContainerItemProxy;
			containerPortal = 506764FD1B601F2600EE4014 /* Project object */;
			proxyType = 1;
			remoteGlobalIDString = 506765041B601F2600EE4014;
			remoteInfo = "Theatre Famous";
		};
/* End PBXContainerItemProxy section */

/* Begin PBXFileReference section */
		264D0096BEDCAC21443117EA /* Pods.release.xcconfig */ = {isa = PBXFileReference; includeInIndex = 1; lastKnownFileType = text.xcconfig; name = Pods.release.xcconfig; path = "Pods/Target Support Files/Pods/Pods.release.xcconfig"; sourceTree = "<group>"; };
		506765051B601F2600EE4014 /* Theatre Famous.app */ = {isa = PBXFileReference; explicitFileType = wrapper.application; includeInIndex = 0; path = "Theatre Famous.app"; sourceTree = BUILT_PRODUCTS_DIR; };
		506765091B601F2600EE4014 /* Info.plist */ = {isa = PBXFileReference; lastKnownFileType = text.plist.xml; path = Info.plist; sourceTree = "<group>"; };
		5067650A1B601F2600EE4014 /* main.m */ = {isa = PBXFileReference; lastKnownFileType = sourcecode.c.objc; path = main.m; sourceTree = "<group>"; };
		5067650C1B601F2600EE4014 /* AppDelegate.h */ = {isa = PBXFileReference; lastKnownFileType = sourcecode.c.h; path = AppDelegate.h; sourceTree = "<group>"; };
		5067650D1B601F2600EE4014 /* AppDelegate.m */ = {isa = PBXFileReference; lastKnownFileType = sourcecode.c.objc; path = AppDelegate.m; sourceTree = "<group>"; };
		506765161B601F2600EE4014 /* Base */ = {isa = PBXFileReference; lastKnownFileType = file.storyboard; name = Base; path = Base.lproj/Main.storyboard; sourceTree = "<group>"; };
		506765181B601F2600EE4014 /* Images.xcassets */ = {isa = PBXFileReference; lastKnownFileType = folder.assetcatalog; path = Images.xcassets; sourceTree = "<group>"; };
		5067651B1B601F2600EE4014 /* Base */ = {isa = PBXFileReference; lastKnownFileType = file.xib; name = Base; path = Base.lproj/LaunchScreen.xib; sourceTree = "<group>"; };
		506765211B601F2700EE4014 /* Theatre FamousTests.xctest */ = {isa = PBXFileReference; explicitFileType = wrapper.cfbundle; includeInIndex = 0; path = "Theatre FamousTests.xctest"; sourceTree = BUILT_PRODUCTS_DIR; };
		506765261B601F2700EE4014 /* Info.plist */ = {isa = PBXFileReference; lastKnownFileType = text.plist.xml; path = Info.plist; sourceTree = "<group>"; };
		506765271B601F2700EE4014 /* Theatre_FamousTests.m */ = {isa = PBXFileReference; lastKnownFileType = sourcecode.c.objc; path = Theatre_FamousTests.m; sourceTree = "<group>"; };
		506765311B601FCC00EE4014 /* AvailableMovies.h */ = {isa = PBXFileReference; fileEncoding = 4; lastKnownFileType = sourcecode.c.h; path = AvailableMovies.h; sourceTree = "<group>"; };
		506765321B601FCC00EE4014 /* AvailableMovies.m */ = {isa = PBXFileReference; fileEncoding = 4; lastKnownFileType = sourcecode.c.objc; path = AvailableMovies.m; sourceTree = "<group>"; };
		506765341B60207D00EE4014 /* Movie.h */ = {isa = PBXFileReference; fileEncoding = 4; lastKnownFileType = sourcecode.c.h; path = Movie.h; sourceTree = "<group>"; };
		506765351B60207D00EE4014 /* Movie.m */ = {isa = PBXFileReference; fileEncoding = 4; lastKnownFileType = sourcecode.c.objc; path = Movie.m; sourceTree = "<group>"; };
		506765371B60513800EE4014 /* podFile */ = {isa = PBXFileReference; lastKnownFileType = text; path = podFile; sourceTree = "<group>"; };
		506765381B6067CD00EE4014 /* MovieCollectionViewController.h */ = {isa = PBXFileReference; fileEncoding = 4; lastKnownFileType = sourcecode.c.h; path = MovieCollectionViewController.h; sourceTree = "<group>"; };
		506765391B6067CD00EE4014 /* MovieCollectionViewController.m */ = {isa = PBXFileReference; fileEncoding = 4; lastKnownFileType = sourcecode.c.objc; path = MovieCollectionViewController.m; sourceTree = "<group>"; };
		5067653B1B606BF000EE4014 /* MovieCollectionViewCell.h */ = {isa = PBXFileReference; fileEncoding = 4; lastKnownFileType = sourcecode.c.h; path = MovieCollectionViewCell.h; sourceTree = "<group>"; };
		5067653C1B606BF000EE4014 /* MovieCollectionViewCell.m */ = {isa = PBXFileReference; fileEncoding = 4; lastKnownFileType = sourcecode.c.objc; path = MovieCollectionViewCell.m; sourceTree = "<group>"; };
		5067653E1B60807700EE4014 /* DetailViewController.h */ = {isa = PBXFileReference; fileEncoding = 4; lastKnownFileType = sourcecode.c.h; path = DetailViewController.h; sourceTree = "<group>"; };
		5067653F1B60807700EE4014 /* DetailViewController.m */ = {isa = PBXFileReference; fileEncoding = 4; lastKnownFileType = sourcecode.c.objc; path = DetailViewController.m; sourceTree = "<group>"; };
		506765411B61610A00EE4014 /* MapViewController.h */ = {isa = PBXFileReference; fileEncoding = 4; lastKnownFileType = sourcecode.c.h; path = MapViewController.h; sourceTree = "<group>"; };
		506765421B61610A00EE4014 /* MapViewController.m */ = {isa = PBXFileReference; fileEncoding = 4; lastKnownFileType = sourcecode.c.objc; path = MapViewController.m; sourceTree = "<group>"; };
		506765441B61618A00EE4014 /* CoreLocation.framework */ = {isa = PBXFileReference; lastKnownFileType = wrapper.framework; name = CoreLocation.framework; path = System/Library/Frameworks/CoreLocation.framework; sourceTree = SDKROOT; };
		506765461B61619100EE4014 /* MapKit.framework */ = {isa = PBXFileReference; lastKnownFileType = wrapper.framework; name = MapKit.framework; path = System/Library/Frameworks/MapKit.framework; sourceTree = SDKROOT; };
		5067654B1B618E3300EE4014 /* Mapping.h */ = {isa = PBXFileReference; fileEncoding = 4; lastKnownFileType = sourcecode.c.h; path = Mapping.h; sourceTree = "<group>"; };
		5067654C1B618E3300EE4014 /* Mapping.m */ = {isa = PBXFileReference; fileEncoding = 4; lastKnownFileType = sourcecode.c.objc; path = Mapping.m; sourceTree = "<group>"; };
		5067654E1B61A1D700EE4014 /* Theatre.h */ = {isa = PBXFileReference; fileEncoding = 4; lastKnownFileType = sourcecode.c.h; path = Theatre.h; sourceTree = "<group>"; };
		5067654F1B61A1D700EE4014 /* Theatre.m */ = {isa = PBXFileReference; fileEncoding = 4; lastKnownFileType = sourcecode.c.objc; path = Theatre.m; sourceTree = "<group>"; };
		506765511B61E6A400EE4014 /* DetailTableViewCell.h */ = {isa = PBXFileReference; fileEncoding = 4; lastKnownFileType = sourcecode.c.h; path = DetailTableViewCell.h; sourceTree = "<group>"; };
		506765521B61E6A400EE4014 /* DetailTableViewCell.m */ = {isa = PBXFileReference; fileEncoding = 4; lastKnownFileType = sourcecode.c.objc; path = DetailTableViewCell.m; sourceTree = "<group>"; };
		50DADD771B62E173002873C7 /* Realm.framework */ = {isa = PBXFileReference; lastKnownFileType = wrapper.framework; path = Realm.framework; sourceTree = "<group>"; };
		50DADD791B62E205002873C7 /* libc++.dylib */ = {isa = PBXFileReference; lastKnownFileType = "compiled.mach-o.dylib"; name = "libc++.dylib"; path = "usr/lib/libc++.dylib"; sourceTree = SDKROOT; };
		50DADD7C1B62E41B002873C7 /* RLMTheatres.h */ = {isa = PBXFileReference; fileEncoding = 4; lastKnownFileType = sourcecode.c.h; path = RLMTheatres.h; sourceTree = "<group>"; };
		50DADD7D1B62E41B002873C7 /* RLMTheatres.m */ = {isa = PBXFileReference; fileEncoding = 4; lastKnownFileType = sourcecode.c.objc; path = RLMTheatres.m; sourceTree = "<group>"; };
		50DADD7F1B62E42A002873C7 /* RLMMovies.h */ = {isa = PBXFileReference; fileEncoding = 4; lastKnownFileType = sourcecode.c.h; path = RLMMovies.h; sourceTree = "<group>"; };
		50DADD801B62E42A002873C7 /* RLMMovies.m */ = {isa = PBXFileReference; fileEncoding = 4; lastKnownFileType = sourcecode.c.objc; path = RLMMovies.m; sourceTree = "<group>"; };
		50DADD821B62E44A002873C7 /* RLMShowtimes.h */ = {isa = PBXFileReference; fileEncoding = 4; lastKnownFileType = sourcecode.c.h; path = RLMShowtimes.h; sourceTree = "<group>"; };
		50DADD831B62E44A002873C7 /* RLMShowtimes.m */ = {isa = PBXFileReference; fileEncoding = 4; lastKnownFileType = sourcecode.c.objc; path = RLMShowtimes.m; sourceTree = "<group>"; };
		9C0C6FDE5A2E6EFCA0757F30 /* libPods.a */ = {isa = PBXFileReference; explicitFileType = archive.ar; includeInIndex = 0; path = libPods.a; sourceTree = BUILT_PRODUCTS_DIR; };
		F9562EF65D9F2960DAEAAE0A /* Pods.debug.xcconfig */ = {isa = PBXFileReference; includeInIndex = 1; lastKnownFileType = text.xcconfig; name = Pods.debug.xcconfig; path = "Pods/Target Support Files/Pods/Pods.debug.xcconfig"; sourceTree = "<group>"; };
/* End PBXFileReference section */

/* Begin PBXFrameworksBuildPhase section */
		506765021B601F2600EE4014 /* Frameworks */ = {
			isa = PBXFrameworksBuildPhase;
			buildActionMask = 2147483647;
			files = (
				50DADD7A1B62E205002873C7 /* libc++.dylib in Frameworks */,
				50DADD781B62E173002873C7 /* Realm.framework in Frameworks */,
				506765471B61619100EE4014 /* MapKit.framework in Frameworks */,
				506765451B61618A00EE4014 /* CoreLocation.framework in Frameworks */,
				61F69EF2C81300E0D78EDDAA /* libPods.a in Frameworks */,
			);
			runOnlyForDeploymentPostprocessing = 0;
		};
		5067651E1B601F2700EE4014 /* Frameworks */ = {
			isa = PBXFrameworksBuildPhase;
			buildActionMask = 2147483647;
			files = (
			);
			runOnlyForDeploymentPostprocessing = 0;
		};
/* End PBXFrameworksBuildPhase section */

/* Begin PBXGroup section */
		506764FC1B601F2600EE4014 = {
			isa = PBXGroup;
			children = (
				50DADD771B62E173002873C7 /* Realm.framework */,
				506765371B60513800EE4014 /* podFile */,
				506765071B601F2600EE4014 /* Theatre Famous */,
				506765241B601F2700EE4014 /* Theatre FamousTests */,
				506765061B601F2600EE4014 /* Products */,
				F01903C9C83B4543EA35FCB3 /* Pods */,
				6A161203DC16A64882D0C883 /* Frameworks */,
			);
			sourceTree = "<group>";
		};
		506765061B601F2600EE4014 /* Products */ = {
			isa = PBXGroup;
			children = (
				506765051B601F2600EE4014 /* Theatre Famous.app */,
				506765211B601F2700EE4014 /* Theatre FamousTests.xctest */,
			);
			name = Products;
			sourceTree = "<group>";
		};
		506765071B601F2600EE4014 /* Theatre Famous */ = {
			isa = PBXGroup;
			children = (
				50DADD7B1B62E3DE002873C7 /* Realm */,
				5067650C1B601F2600EE4014 /* AppDelegate.h */,
				5067650D1B601F2600EE4014 /* AppDelegate.m */,
				506765381B6067CD00EE4014 /* MovieCollectionViewController.h */,
				506765391B6067CD00EE4014 /* MovieCollectionViewController.m */,
				5067653E1B60807700EE4014 /* DetailViewController.h */,
				5067653F1B60807700EE4014 /* DetailViewController.m */,
				506765411B61610A00EE4014 /* MapViewController.h */,
				506765421B61610A00EE4014 /* MapViewController.m */,
				5067654E1B61A1D700EE4014 /* Theatre.h */,
				5067654F1B61A1D700EE4014 /* Theatre.m */,
				5067654B1B618E3300EE4014 /* Mapping.h */,
				5067654C1B618E3300EE4014 /* Mapping.m */,
				506765341B60207D00EE4014 /* Movie.h */,
				506765351B60207D00EE4014 /* Movie.m */,
				506765311B601FCC00EE4014 /* AvailableMovies.h */,
				506765321B601FCC00EE4014 /* AvailableMovies.m */,
				506765511B61E6A400EE4014 /* DetailTableViewCell.h */,
				506765521B61E6A400EE4014 /* DetailTableViewCell.m */,
				5067653B1B606BF000EE4014 /* MovieCollectionViewCell.h */,
				5067653C1B606BF000EE4014 /* MovieCollectionViewCell.m */,
				506765151B601F2600EE4014 /* Main.storyboard */,
				506765181B601F2600EE4014 /* Images.xcassets */,
				5067651A1B601F2600EE4014 /* LaunchScreen.xib */,
				506765081B601F2600EE4014 /* Supporting Files */,
			);
			path = "Theatre Famous";
			sourceTree = "<group>";
		};
		506765081B601F2600EE4014 /* Supporting Files */ = {
			isa = PBXGroup;
			children = (
				506765091B601F2600EE4014 /* Info.plist */,
				5067650A1B601F2600EE4014 /* main.m */,
			);
			name = "Supporting Files";
			sourceTree = "<group>";
		};
		506765241B601F2700EE4014 /* Theatre FamousTests */ = {
			isa = PBXGroup;
			children = (
				506765271B601F2700EE4014 /* Theatre_FamousTests.m */,
				506765251B601F2700EE4014 /* Supporting Files */,
			);
			path = "Theatre FamousTests";
			sourceTree = "<group>";
		};
		506765251B601F2700EE4014 /* Supporting Files */ = {
			isa = PBXGroup;
			children = (
				506765261B601F2700EE4014 /* Info.plist */,
			);
			name = "Supporting Files";
			sourceTree = "<group>";
		};
		50DADD7B1B62E3DE002873C7 /* Realm */ = {
			isa = PBXGroup;
			children = (
				50DADD7C1B62E41B002873C7 /* RLMTheatres.h */,
				50DADD7D1B62E41B002873C7 /* RLMTheatres.m */,
				50DADD7F1B62E42A002873C7 /* RLMMovies.h */,
				50DADD801B62E42A002873C7 /* RLMMovies.m */,
				50DADD821B62E44A002873C7 /* RLMShowtimes.h */,
				50DADD831B62E44A002873C7 /* RLMShowtimes.m */,
			);
			name = Realm;
			sourceTree = "<group>";
		};
		6A161203DC16A64882D0C883 /* Frameworks */ = {
			isa = PBXGroup;
			children = (
				50DADD791B62E205002873C7 /* libc++.dylib */,
				506765461B61619100EE4014 /* MapKit.framework */,
				506765441B61618A00EE4014 /* CoreLocation.framework */,
				9C0C6FDE5A2E6EFCA0757F30 /* libPods.a */,
			);
			name = Frameworks;
			sourceTree = "<group>";
		};
		F01903C9C83B4543EA35FCB3 /* Pods */ = {
			isa = PBXGroup;
			children = (
				F9562EF65D9F2960DAEAAE0A /* Pods.debug.xcconfig */,
				264D0096BEDCAC21443117EA /* Pods.release.xcconfig */,
			);
			name = Pods;
			sourceTree = "<group>";
		};
/* End PBXGroup section */

/* Begin PBXNativeTarget section */
		506765041B601F2600EE4014 /* Theatre Famous */ = {
			isa = PBXNativeTarget;
			buildConfigurationList = 5067652B1B601F2700EE4014 /* Build configuration list for PBXNativeTarget "Theatre Famous" */;
			buildPhases = (
				5400F6608DFB3597ADED36CD /* Check Pods Manifest.lock */,
				506765011B601F2600EE4014 /* Sources */,
				506765021B601F2600EE4014 /* Frameworks */,
				506765031B601F2600EE4014 /* Resources */,
				D4683BF486D1EC781916D00B /* Copy Pods Resources */,
			);
			buildRules = (
			);
			dependencies = (
			);
			name = "Theatre Famous";
			productName = "Theatre Famous";
			productReference = 506765051B601F2600EE4014 /* Theatre Famous.app */;
			productType = "com.apple.product-type.application";
		};
		506765201B601F2700EE4014 /* Theatre FamousTests */ = {
			isa = PBXNativeTarget;
			buildConfigurationList = 5067652E1B601F2700EE4014 /* Build configuration list for PBXNativeTarget "Theatre FamousTests" */;
			buildPhases = (
				5067651D1B601F2700EE4014 /* Sources */,
				5067651E1B601F2700EE4014 /* Frameworks */,
				5067651F1B601F2700EE4014 /* Resources */,
			);
			buildRules = (
			);
			dependencies = (
				506765231B601F2700EE4014 /* PBXTargetDependency */,
			);
			name = "Theatre FamousTests";
			productName = "Theatre FamousTests";
			productReference = 506765211B601F2700EE4014 /* Theatre FamousTests.xctest */;
			productType = "com.apple.product-type.bundle.unit-test";
		};
/* End PBXNativeTarget section */

/* Begin PBXProject section */
		506764FD1B601F2600EE4014 /* Project object */ = {
			isa = PBXProject;
			attributes = {
				LastUpgradeCheck = 0640;
				ORGANIZATIONNAME = ASolo;
				TargetAttributes = {
					506765041B601F2600EE4014 = {
						CreatedOnToolsVersion = 6.4;
					};
					506765201B601F2700EE4014 = {
						CreatedOnToolsVersion = 6.4;
						TestTargetID = 506765041B601F2600EE4014;
					};
				};
			};
			buildConfigurationList = 506765001B601F2600EE4014 /* Build configuration list for PBXProject "Theatre Famous" */;
			compatibilityVersion = "Xcode 3.2";
			developmentRegion = English;
			hasScannedForEncodings = 0;
			knownRegions = (
				en,
				Base,
			);
			mainGroup = 506764FC1B601F2600EE4014;
			productRefGroup = 506765061B601F2600EE4014 /* Products */;
			projectDirPath = "";
			projectRoot = "";
			targets = (
				506765041B601F2600EE4014 /* Theatre Famous */,
				506765201B601F2700EE4014 /* Theatre FamousTests */,
			);
		};
/* End PBXProject section */

/* Begin PBXResourcesBuildPhase section */
		506765031B601F2600EE4014 /* Resources */ = {
			isa = PBXResourcesBuildPhase;
			buildActionMask = 2147483647;
			files = (
				506765171B601F2600EE4014 /* Main.storyboard in Resources */,
				5067651C1B601F2600EE4014 /* LaunchScreen.xib in Resources */,
				506765191B601F2600EE4014 /* Images.xcassets in Resources */,
			);
			runOnlyForDeploymentPostprocessing = 0;
		};
		5067651F1B601F2700EE4014 /* Resources */ = {
			isa = PBXResourcesBuildPhase;
			buildActionMask = 2147483647;
			files = (
			);
			runOnlyForDeploymentPostprocessing = 0;
		};
/* End PBXResourcesBuildPhase section */

/* Begin PBXShellScriptBuildPhase section */
		5400F6608DFB3597ADED36CD /* Check Pods Manifest.lock */ = {
			isa = PBXShellScriptBuildPhase;
			buildActionMask = 2147483647;
			files = (
			);
			inputPaths = (
			);
			name = "Check Pods Manifest.lock";
			outputPaths = (
			);
			runOnlyForDeploymentPostprocessing = 0;
			shellPath = /bin/sh;
			shellScript = "diff \"${PODS_ROOT}/../Podfile.lock\" \"${PODS_ROOT}/Manifest.lock\" > /dev/null\nif [[ $? != 0 ]] ; then\n    cat << EOM\nerror: The sandbox is not in sync with the Podfile.lock. Run 'pod install' or update your CocoaPods installation.\nEOM\n    exit 1\nfi\n";
			showEnvVarsInLog = 0;
		};
		D4683BF486D1EC781916D00B /* Copy Pods Resources */ = {
			isa = PBXShellScriptBuildPhase;
			buildActionMask = 2147483647;
			files = (
			);
			inputPaths = (
			);
			name = "Copy Pods Resources";
			outputPaths = (
			);
			runOnlyForDeploymentPostprocessing = 0;
			shellPath = /bin/sh;
			shellScript = "\"${SRCROOT}/Pods/Target Support Files/Pods/Pods-resources.sh\"\n";
			showEnvVarsInLog = 0;
		};
/* End PBXShellScriptBuildPhase section */

/* Begin PBXSourcesBuildPhase section */
		506765011B601F2600EE4014 /* Sources */ = {
			isa = PBXSourcesBuildPhase;
			buildActionMask = 2147483647;
			files = (
				506765361B60207D00EE4014 /* Movie.m in Sources */,
				5067650E1B601F2600EE4014 /* AppDelegate.m in Sources */,
				5067650B1B601F2600EE4014 /* main.m in Sources */,
				506765431B61610A00EE4014 /* MapViewController.m in Sources */,
				506765401B60807700EE4014 /* DetailViewController.m in Sources */,
				5067653A1B6067CD00EE4014 /* MovieCollectionViewController.m in Sources */,
				506765531B61E6A400EE4014 /* DetailTableViewCell.m in Sources */,
				506765501B61A1D700EE4014 /* Theatre.m in Sources */,
				506765331B601FCC00EE4014 /* AvailableMovies.m in Sources */,
				5067654D1B618E3300EE4014 /* Mapping.m in Sources */,
				5067653D1B606BF000EE4014 /* MovieCollectionViewCell.m in Sources */,
				50DADD841B62E44A002873C7 /* RLMShowtimes.m in Sources */,
				50DADD811B62E42A002873C7 /* RLMMovies.m in Sources */,
				50DADD7E1B62E41B002873C7 /* RLMTheatres.m in Sources */,
			);
			runOnlyForDeploymentPostprocessing = 0;
		};
		5067651D1B601F2700EE4014 /* Sources */ = {
			isa = PBXSourcesBuildPhase;
			buildActionMask = 2147483647;
			files = (
				506765281B601F2700EE4014 /* Theatre_FamousTests.m in Sources */,
			);
			runOnlyForDeploymentPostprocessing = 0;
		};
/* End PBXSourcesBuildPhase section */

/* Begin PBXTargetDependency section */
		506765231B601F2700EE4014 /* PBXTargetDependency */ = {
			isa = PBXTargetDependency;
			target = 506765041B601F2600EE4014 /* Theatre Famous */;
			targetProxy = 506765221B601F2700EE4014 /* PBXContainerItemProxy */;
		};
/* End PBXTargetDependency section */

/* Begin PBXVariantGroup section */
		506765151B601F2600EE4014 /* Main.storyboard */ = {
			isa = PBXVariantGroup;
			children = (
				506765161B601F2600EE4014 /* Base */,
			);
			name = Main.storyboard;
			sourceTree = "<group>";
		};
		5067651A1B601F2600EE4014 /* LaunchScreen.xib */ = {
			isa = PBXVariantGroup;
			children = (
				5067651B1B601F2600EE4014 /* Base */,
			);
			name = LaunchScreen.xib;
			sourceTree = "<group>";
		};
/* End PBXVariantGroup section */

/* Begin XCBuildConfiguration section */
		506765291B601F2700EE4014 /* Debug */ = {
			isa = XCBuildConfiguration;
			buildSettings = {
				ALWAYS_SEARCH_USER_PATHS = NO;
				CLANG_CXX_LANGUAGE_STANDARD = "gnu++0x";
				CLANG_CXX_LIBRARY = "libc++";
				CLANG_ENABLE_MODULES = YES;
				CLANG_ENABLE_OBJC_ARC = YES;
				CLANG_WARN_BOOL_CONVERSION = YES;
				CLANG_WARN_CONSTANT_CONVERSION = YES;
				CLANG_WARN_DIRECT_OBJC_ISA_USAGE = YES_ERROR;
				CLANG_WARN_EMPTY_BODY = YES;
				CLANG_WARN_ENUM_CONVERSION = YES;
				CLANG_WARN_INT_CONVERSION = YES;
				CLANG_WARN_OBJC_ROOT_CLASS = YES_ERROR;
				CLANG_WARN_UNREACHABLE_CODE = YES;
				CLANG_WARN__DUPLICATE_METHOD_MATCH = YES;
				"CODE_SIGN_IDENTITY[sdk=iphoneos*]" = "iPhone Developer";
				COPY_PHASE_STRIP = NO;
				DEBUG_INFORMATION_FORMAT = "dwarf-with-dsym";
				ENABLE_STRICT_OBJC_MSGSEND = YES;
				GCC_C_LANGUAGE_STANDARD = gnu99;
				GCC_DYNAMIC_NO_PIC = NO;
				GCC_NO_COMMON_BLOCKS = YES;
				GCC_OPTIMIZATION_LEVEL = 0;
				GCC_PREPROCESSOR_DEFINITIONS = (
					"DEBUG=1",
					"$(inherited)",
				);
				GCC_SYMBOLS_PRIVATE_EXTERN = NO;
				GCC_WARN_64_TO_32_BIT_CONVERSION = YES;
				GCC_WARN_ABOUT_RETURN_TYPE = YES_ERROR;
				GCC_WARN_UNDECLARED_SELECTOR = YES;
				GCC_WARN_UNINITIALIZED_AUTOS = YES_AGGRESSIVE;
				GCC_WARN_UNUSED_FUNCTION = YES;
				GCC_WARN_UNUSED_VARIABLE = YES;
				IPHONEOS_DEPLOYMENT_TARGET = 8.4;
				MTL_ENABLE_DEBUG_INFO = YES;
				ONLY_ACTIVE_ARCH = YES;
				SDKROOT = iphoneos;
			};
			name = Debug;
		};
		5067652A1B601F2700EE4014 /* Release */ = {
			isa = XCBuildConfiguration;
			buildSettings = {
				ALWAYS_SEARCH_USER_PATHS = NO;
				CLANG_CXX_LANGUAGE_STANDARD = "gnu++0x";
				CLANG_CXX_LIBRARY = "libc++";
				CLANG_ENABLE_MODULES = YES;
				CLANG_ENABLE_OBJC_ARC = YES;
				CLANG_WARN_BOOL_CONVERSION = YES;
				CLANG_WARN_CONSTANT_CONVERSION = YES;
				CLANG_WARN_DIRECT_OBJC_ISA_USAGE = YES_ERROR;
				CLANG_WARN_EMPTY_BODY = YES;
				CLANG_WARN_ENUM_CONVERSION = YES;
				CLANG_WARN_INT_CONVERSION = YES;
				CLANG_WARN_OBJC_ROOT_CLASS = YES_ERROR;
				CLANG_WARN_UNREACHABLE_CODE = YES;
				CLANG_WARN__DUPLICATE_METHOD_MATCH = YES;
				"CODE_SIGN_IDENTITY[sdk=iphoneos*]" = "iPhone Developer";
				COPY_PHASE_STRIP = NO;
				DEBUG_INFORMATION_FORMAT = "dwarf-with-dsym";
				ENABLE_NS_ASSERTIONS = NO;
				ENABLE_STRICT_OBJC_MSGSEND = YES;
				GCC_C_LANGUAGE_STANDARD = gnu99;
				GCC_NO_COMMON_BLOCKS = YES;
				GCC_WARN_64_TO_32_BIT_CONVERSION = YES;
				GCC_WARN_ABOUT_RETURN_TYPE = YES_ERROR;
				GCC_WARN_UNDECLARED_SELECTOR = YES;
				GCC_WARN_UNINITIALIZED_AUTOS = YES_AGGRESSIVE;
				GCC_WARN_UNUSED_FUNCTION = YES;
				GCC_WARN_UNUSED_VARIABLE = YES;
				IPHONEOS_DEPLOYMENT_TARGET = 8.4;
				MTL_ENABLE_DEBUG_INFO = NO;
				SDKROOT = iphoneos;
				VALIDATE_PRODUCT = YES;
			};
			name = Release;
		};
		5067652C1B601F2700EE4014 /* Debug */ = {
			isa = XCBuildConfiguration;
			baseConfigurationReference = F9562EF65D9F2960DAEAAE0A /* Pods.debug.xcconfig */;
			buildSettings = {
				ASSETCATALOG_COMPILER_APPICON_NAME = AppIcon;
				FRAMEWORK_SEARCH_PATHS = (
					"$(inherited)",
					"$(PROJECT_DIR)",
				);
				INFOPLIST_FILE = "Theatre Famous/Info.plist";
				IPHONEOS_DEPLOYMENT_TARGET = 8.2;
				LD_RUNPATH_SEARCH_PATHS = "$(inherited) @executable_path/Frameworks";
				PRODUCT_NAME = "$(TARGET_NAME)";
			};
			name = Debug;
		};
		5067652D1B601F2700EE4014 /* Release */ = {
			isa = XCBuildConfiguration;
			baseConfigurationReference = 264D0096BEDCAC21443117EA /* Pods.release.xcconfig */;
			buildSettings = {
				ASSETCATALOG_COMPILER_APPICON_NAME = AppIcon;
				FRAMEWORK_SEARCH_PATHS = (
					"$(inherited)",
					"$(PROJECT_DIR)",
				);
				INFOPLIST_FILE = "Theatre Famous/Info.plist";
				IPHONEOS_DEPLOYMENT_TARGET = 8.2;
				LD_RUNPATH_SEARCH_PATHS = "$(inherited) @executable_path/Frameworks";
				PRODUCT_NAME = "$(TARGET_NAME)";
			};
			name = Release;
		};
		5067652F1B601F2700EE4014 /* Debug */ = {
			isa = XCBuildConfiguration;
			buildSettings = {
				BUNDLE_LOADER = "$(TEST_HOST)";
				FRAMEWORK_SEARCH_PATHS = (
					"$(SDKROOT)/Developer/Library/Frameworks",
					"$(inherited)",
				);
				GCC_PREPROCESSOR_DEFINITIONS = (
					"DEBUG=1",
					"$(inherited)",
				);
				INFOPLIST_FILE = "Theatre FamousTests/Info.plist";
				LD_RUNPATH_SEARCH_PATHS = "$(inherited) @executable_path/Frameworks @loader_path/Frameworks";
				PRODUCT_NAME = "$(TARGET_NAME)";
				TEST_HOST = "$(BUILT_PRODUCTS_DIR)/Theatre Famous.app/Theatre Famous";
			};
			name = Debug;
		};
		506765301B601F2700EE4014 /* Release */ = {
			isa = XCBuildConfiguration;
			buildSettings = {
				BUNDLE_LOADER = "$(TEST_HOST)";
				FRAMEWORK_SEARCH_PATHS = (
					"$(SDKROOT)/Developer/Library/Frameworks",
					"$(inherited)",
				);
				INFOPLIST_FILE = "Theatre FamousTests/Info.plist";
				LD_RUNPATH_SEARCH_PATHS = "$(inherited) @executable_path/Frameworks @loader_path/Frameworks";
				PRODUCT_NAME = "$(TARGET_NAME)";
				TEST_HOST = "$(BUILT_PRODUCTS_DIR)/Theatre Famous.app/Theatre Famous";
			};
			name = Release;
		};
/* End XCBuildConfiguration section */

/* Begin XCConfigurationList section */
		506765001B601F2600EE4014 /* Build configuration list for PBXProject "Theatre Famous" */ = {
			isa = XCConfigurationList;
			buildConfigurations = (
				506765291B601F2700EE4014 /* Debug */,
				5067652A1B601F2700EE4014 /* Release */,
			);
			defaultConfigurationIsVisible = 0;
			defaultConfigurationName = Release;
		};
		5067652B1B601F2700EE4014 /* Build configuration list for PBXNativeTarget "Theatre Famous" */ = {
			isa = XCConfigurationList;
			buildConfigurations = (
				5067652C1B601F2700EE4014 /* Debug */,
				5067652D1B601F2700EE4014 /* Release */,
			);
			defaultConfigurationIsVisible = 0;
			defaultConfigurationName = Release;
		};
		5067652E1B601F2700EE4014 /* Build configuration list for PBXNativeTarget "Theatre FamousTests" */ = {
			isa = XCConfigurationList;
			buildConfigurations = (
				5067652F1B601F2700EE4014 /* Debug */,
				506765301B601F2700EE4014 /* Release */,
			);
			defaultConfigurationIsVisible = 0;
			defaultConfigurationName = Release;
		};
/* End XCConfigurationList section */
	};
	rootObject = 506764FD1B601F2600EE4014 /* Project object */;
}
